// !$*UTF8*$!
{
	archiveVersion = 1;
	classes = {
	};
	objectVersion = 50;
	objects = {

/* Begin PBXBuildFile section */
		D625099D26409DEB0029D81A /* AppDelegate.swift in Sources */ = {isa = PBXBuildFile; fileRef = D625099C26409DEB0029D81A /* AppDelegate.swift */; };
		D625099F26409DEB0029D81A /* SceneDelegate.swift in Sources */ = {isa = PBXBuildFile; fileRef = D625099E26409DEB0029D81A /* SceneDelegate.swift */; };
		D62509A126409DEB0029D81A /* ViewController.swift in Sources */ = {isa = PBXBuildFile; fileRef = D62509A026409DEB0029D81A /* ViewController.swift */; };
		D62509A426409DEB0029D81A /* Main.storyboard in Resources */ = {isa = PBXBuildFile; fileRef = D62509A226409DEB0029D81A /* Main.storyboard */; };
		D62509A626409DEB0029D81A /* Assets.xcassets in Resources */ = {isa = PBXBuildFile; fileRef = D62509A526409DEB0029D81A /* Assets.xcassets */; };
		D62509A926409DEB0029D81A /* LaunchScreen.storyboard in Resources */ = {isa = PBXBuildFile; fileRef = D62509A726409DEB0029D81A /* LaunchScreen.storyboard */; };
		D62509B426409DEC0029D81A /* CalendarComponentTests.swift in Sources */ = {isa = PBXBuildFile; fileRef = D62509B326409DEC0029D81A /* CalendarComponentTests.swift */; };
		D62509BF26409DEC0029D81A /* CalendarComponentUITests.swift in Sources */ = {isa = PBXBuildFile; fileRef = D62509BE26409DEC0029D81A /* CalendarComponentUITests.swift */; };
		D66AC1462641F1AE004EDE81 /* CalendarComponent.swift in Sources */ = {isa = PBXBuildFile; fileRef = D66AC1452641F1AE004EDE81 /* CalendarComponent.swift */; };
/* End PBXBuildFile section */

/* Begin PBXContainerItemProxy section */
		D62509B026409DEC0029D81A /* PBXContainerItemProxy */ = {
			isa = PBXContainerItemProxy;
			containerPortal = D625099126409DEA0029D81A /* Project object */;
			proxyType = 1;
			remoteGlobalIDString = D625099826409DEB0029D81A;
			remoteInfo = CalendarComponent;
		};
		D62509BB26409DEC0029D81A /* PBXContainerItemProxy */ = {
			isa = PBXContainerItemProxy;
			containerPortal = D625099126409DEA0029D81A /* Project object */;
			proxyType = 1;
			remoteGlobalIDString = D625099826409DEB0029D81A;
			remoteInfo = CalendarComponent;
		};
/* End PBXContainerItemProxy section */

/* Begin PBXFileReference section */
		D625099926409DEB0029D81A /* CalendarComponent.app */ = {isa = PBXFileReference; explicitFileType = wrapper.application; includeInIndex = 0; path = CalendarComponent.app; sourceTree = BUILT_PRODUCTS_DIR; };
		D625099C26409DEB0029D81A /* AppDelegate.swift */ = {isa = PBXFileReference; lastKnownFileType = sourcecode.swift; path = AppDelegate.swift; sourceTree = "<group>"; };
		D625099E26409DEB0029D81A /* SceneDelegate.swift */ = {isa = PBXFileReference; lastKnownFileType = sourcecode.swift; path = SceneDelegate.swift; sourceTree = "<group>"; };
		D62509A026409DEB0029D81A /* ViewController.swift */ = {isa = PBXFileReference; lastKnownFileType = sourcecode.swift; path = ViewController.swift; sourceTree = "<group>"; };
		D62509A326409DEB0029D81A /* Base */ = {isa = PBXFileReference; lastKnownFileType = file.storyboard; name = Base; path = Base.lproj/Main.storyboard; sourceTree = "<group>"; };
		D62509A526409DEB0029D81A /* Assets.xcassets */ = {isa = PBXFileReference; lastKnownFileType = folder.assetcatalog; path = Assets.xcassets; sourceTree = "<group>"; };
		D62509A826409DEB0029D81A /* Base */ = {isa = PBXFileReference; lastKnownFileType = file.storyboard; name = Base; path = Base.lproj/LaunchScreen.storyboard; sourceTree = "<group>"; };
		D62509AA26409DEB0029D81A /* Info.plist */ = {isa = PBXFileReference; lastKnownFileType = text.plist.xml; path = Info.plist; sourceTree = "<group>"; };
		D62509AF26409DEC0029D81A /* CalendarComponentTests.xctest */ = {isa = PBXFileReference; explicitFileType = wrapper.cfbundle; includeInIndex = 0; path = CalendarComponentTests.xctest; sourceTree = BUILT_PRODUCTS_DIR; };
		D62509B326409DEC0029D81A /* CalendarComponentTests.swift */ = {isa = PBXFileReference; lastKnownFileType = sourcecode.swift; path = CalendarComponentTests.swift; sourceTree = "<group>"; };
		D62509B526409DEC0029D81A /* Info.plist */ = {isa = PBXFileReference; lastKnownFileType = text.plist.xml; path = Info.plist; sourceTree = "<group>"; };
		D62509BA26409DEC0029D81A /* CalendarComponentUITests.xctest */ = {isa = PBXFileReference; explicitFileType = wrapper.cfbundle; includeInIndex = 0; path = CalendarComponentUITests.xctest; sourceTree = BUILT_PRODUCTS_DIR; };
		D62509BE26409DEC0029D81A /* CalendarComponentUITests.swift */ = {isa = PBXFileReference; lastKnownFileType = sourcecode.swift; path = CalendarComponentUITests.swift; sourceTree = "<group>"; };
		D62509C026409DEC0029D81A /* Info.plist */ = {isa = PBXFileReference; lastKnownFileType = text.plist.xml; path = Info.plist; sourceTree = "<group>"; };
		D66AC1452641F1AE004EDE81 /* CalendarComponent.swift */ = {isa = PBXFileReference; lastKnownFileType = sourcecode.swift; path = CalendarComponent.swift; sourceTree = "<group>"; };
/* End PBXFileReference section */

/* Begin PBXFrameworksBuildPhase section */
		D625099626409DEB0029D81A /* Frameworks */ = {
			isa = PBXFrameworksBuildPhase;
			buildActionMask = 2147483647;
			files = (
			);
			runOnlyForDeploymentPostprocessing = 0;
		};
		D62509AC26409DEC0029D81A /* Frameworks */ = {
			isa = PBXFrameworksBuildPhase;
			buildActionMask = 2147483647;
			files = (
			);
			runOnlyForDeploymentPostprocessing = 0;
		};
		D62509B726409DEC0029D81A /* Frameworks */ = {
			isa = PBXFrameworksBuildPhase;
			buildActionMask = 2147483647;
			files = (
			);
			runOnlyForDeploymentPostprocessing = 0;
		};
/* End PBXFrameworksBuildPhase section */

/* Begin PBXGroup section */
		D625099026409DEA0029D81A = {
			isa = PBXGroup;
			children = (
				D625099B26409DEB0029D81A /* CalendarComponent */,
				D62509B226409DEC0029D81A /* CalendarComponentTests */,
				D62509BD26409DEC0029D81A /* CalendarComponentUITests */,
				D625099A26409DEB0029D81A /* Products */,
			);
			sourceTree = "<group>";
		};
		D625099A26409DEB0029D81A /* Products */ = {
			isa = PBXGroup;
			children = (
				D625099926409DEB0029D81A /* CalendarComponent.app */,
				D62509AF26409DEC0029D81A /* CalendarComponentTests.xctest */,
				D62509BA26409DEC0029D81A /* CalendarComponentUITests.xctest */,
			);
			name = Products;
			sourceTree = "<group>";
		};
		D625099B26409DEB0029D81A /* CalendarComponent */ = {
			isa = PBXGroup;
			children = (
				D66B66F7264358D8000C57D1 /* Interface */,
				D66B66F5264358C0000C57D1 /* ViewController */,
				D66B66F126435484000C57D1 /* Class */,
				D625099C26409DEB0029D81A /* AppDelegate.swift */,
				D625099E26409DEB0029D81A /* SceneDelegate.swift */,
				D62509AA26409DEB0029D81A /* Info.plist */,
			);
			path = CalendarComponent;
			sourceTree = "<group>";
		};
		D62509B226409DEC0029D81A /* CalendarComponentTests */ = {
			isa = PBXGroup;
			children = (
				D62509B326409DEC0029D81A /* CalendarComponentTests.swift */,
				D62509B526409DEC0029D81A /* Info.plist */,
			);
			path = CalendarComponentTests;
			sourceTree = "<group>";
		};
		D62509BD26409DEC0029D81A /* CalendarComponentUITests */ = {
			isa = PBXGroup;
			children = (
				D62509BE26409DEC0029D81A /* CalendarComponentUITests.swift */,
				D62509C026409DEC0029D81A /* Info.plist */,
			);
			path = CalendarComponentUITests;
			sourceTree = "<group>";
		};
		D66B66F126435484000C57D1 /* Class */ = {
			isa = PBXGroup;
			children = (
				D66AC1452641F1AE004EDE81 /* CalendarComponent.swift */,
			);
			path = Class;
			sourceTree = "<group>";
		};
		D66B66F5264358C0000C57D1 /* ViewController */ = {
			isa = PBXGroup;
			children = (
				D62509A026409DEB0029D81A /* ViewController.swift */,
			);
			path = ViewController;
			sourceTree = "<group>";
		};
		D66B66F7264358D8000C57D1 /* Interface */ = {
			isa = PBXGroup;
			children = (
				D62509A226409DEB0029D81A /* Main.storyboard */,
				D62509A526409DEB0029D81A /* Assets.xcassets */,
				D62509A726409DEB0029D81A /* LaunchScreen.storyboard */,
			);
			path = Interface;
			sourceTree = "<group>";
		};
/* End PBXGroup section */

/* Begin PBXNativeTarget section */
		D625099826409DEB0029D81A /* CalendarComponent */ = {
			isa = PBXNativeTarget;
			buildConfigurationList = D62509C326409DEC0029D81A /* Build configuration list for PBXNativeTarget "CalendarComponent" */;
			buildPhases = (
				D625099526409DEB0029D81A /* Sources */,
				D625099626409DEB0029D81A /* Frameworks */,
				D625099726409DEB0029D81A /* Resources */,
			);
			buildRules = (
			);
			dependencies = (
			);
			name = CalendarComponent;
			productName = CalendarComponent;
			productReference = D625099926409DEB0029D81A /* CalendarComponent.app */;
			productType = "com.apple.product-type.application";
		};
		D62509AE26409DEC0029D81A /* CalendarComponentTests */ = {
			isa = PBXNativeTarget;
			buildConfigurationList = D62509C626409DEC0029D81A /* Build configuration list for PBXNativeTarget "CalendarComponentTests" */;
			buildPhases = (
				D62509AB26409DEC0029D81A /* Sources */,
				D62509AC26409DEC0029D81A /* Frameworks */,
				D62509AD26409DEC0029D81A /* Resources */,
			);
			buildRules = (
			);
			dependencies = (
				D62509B126409DEC0029D81A /* PBXTargetDependency */,
			);
			name = CalendarComponentTests;
			productName = CalendarComponentTests;
			productReference = D62509AF26409DEC0029D81A /* CalendarComponentTests.xctest */;
			productType = "com.apple.product-type.bundle.unit-test";
		};
		D62509B926409DEC0029D81A /* CalendarComponentUITests */ = {
			isa = PBXNativeTarget;
			buildConfigurationList = D62509C926409DEC0029D81A /* Build configuration list for PBXNativeTarget "CalendarComponentUITests" */;
			buildPhases = (
				D62509B626409DEC0029D81A /* Sources */,
				D62509B726409DEC0029D81A /* Frameworks */,
				D62509B826409DEC0029D81A /* Resources */,
			);
			buildRules = (
			);
			dependencies = (
				D62509BC26409DEC0029D81A /* PBXTargetDependency */,
			);
			name = CalendarComponentUITests;
			productName = CalendarComponentUITests;
			productReference = D62509BA26409DEC0029D81A /* CalendarComponentUITests.xctest */;
			productType = "com.apple.product-type.bundle.ui-testing";
		};
/* End PBXNativeTarget section */

/* Begin PBXProject section */
		D625099126409DEA0029D81A /* Project object */ = {
			isa = PBXProject;
			attributes = {
				LastSwiftUpdateCheck = 1240;
				LastUpgradeCheck = 1240;
				TargetAttributes = {
					D625099826409DEB0029D81A = {
						CreatedOnToolsVersion = 12.4;
					};
					D62509AE26409DEC0029D81A = {
						CreatedOnToolsVersion = 12.4;
						TestTargetID = D625099826409DEB0029D81A;
					};
					D62509B926409DEC0029D81A = {
						CreatedOnToolsVersion = 12.4;
						TestTargetID = D625099826409DEB0029D81A;
					};
				};
			};
			buildConfigurationList = D625099426409DEA0029D81A /* Build configuration list for PBXProject "CalendarComponent" */;
			compatibilityVersion = "Xcode 9.3";
			developmentRegion = en;
			hasScannedForEncodings = 0;
			knownRegions = (
				en,
				Base,
			);
			mainGroup = D625099026409DEA0029D81A;
			productRefGroup = D625099A26409DEB0029D81A /* Products */;
			projectDirPath = "";
			projectRoot = "";
			targets = (
				D625099826409DEB0029D81A /* CalendarComponent */,
				D62509AE26409DEC0029D81A /* CalendarComponentTests */,
				D62509B926409DEC0029D81A /* CalendarComponentUITests */,
			);
		};
/* End PBXProject section */

/* Begin PBXResourcesBuildPhase section */
		D625099726409DEB0029D81A /* Resources */ = {
			isa = PBXResourcesBuildPhase;
			buildActionMask = 2147483647;
			files = (
				D62509A926409DEB0029D81A /* LaunchScreen.storyboard in Resources */,
				D62509A626409DEB0029D81A /* Assets.xcassets in Resources */,
				D62509A426409DEB0029D81A /* Main.storyboard in Resources */,
			);
			runOnlyForDeploymentPostprocessing = 0;
		};
		D62509AD26409DEC0029D81A /* Resources */ = {
			isa = PBXResourcesBuildPhase;
			buildActionMask = 2147483647;
			files = (
			);
			runOnlyForDeploymentPostprocessing = 0;
		};
		D62509B826409DEC0029D81A /* Resources */ = {
			isa = PBXResourcesBuildPhase;
			buildActionMask = 2147483647;
			files = (
			);
			runOnlyForDeploymentPostprocessing = 0;
		};
/* End PBXResourcesBuildPhase section */

/* Begin PBXSourcesBuildPhase section */
		D625099526409DEB0029D81A /* Sources */ = {
			isa = PBXSourcesBuildPhase;
			buildActionMask = 2147483647;
			files = (
				D62509A126409DEB0029D81A /* ViewController.swift in Sources */,
				D625099D26409DEB0029D81A /* AppDelegate.swift in Sources */,
				D625099F26409DEB0029D81A /* SceneDelegate.swift in Sources */,
				D66AC1462641F1AE004EDE81 /* CalendarComponent.swift in Sources */,
			);
			runOnlyForDeploymentPostprocessing = 0;
		};
		D62509AB26409DEC0029D81A /* Sources */ = {
			isa = PBXSourcesBuildPhase;
			buildActionMask = 2147483647;
			files = (
				D62509B426409DEC0029D81A /* CalendarComponentTests.swift in Sources */,
			);
			runOnlyForDeploymentPostprocessing = 0;
		};
		D62509B626409DEC0029D81A /* Sources */ = {
			isa = PBXSourcesBuildPhase;
			buildActionMask = 2147483647;
			files = (
				D62509BF26409DEC0029D81A /* CalendarComponentUITests.swift in Sources */,
			);
			runOnlyForDeploymentPostprocessing = 0;
		};
/* End PBXSourcesBuildPhase section */

/* Begin PBXTargetDependency section */
		D62509B126409DEC0029D81A /* PBXTargetDependency */ = {
			isa = PBXTargetDependency;
			target = D625099826409DEB0029D81A /* CalendarComponent */;
			targetProxy = D62509B026409DEC0029D81A /* PBXContainerItemProxy */;
		};
		D62509BC26409DEC0029D81A /* PBXTargetDependency */ = {
			isa = PBXTargetDependency;
			target = D625099826409DEB0029D81A /* CalendarComponent */;
			targetProxy = D62509BB26409DEC0029D81A /* PBXContainerItemProxy */;
		};
/* End PBXTargetDependency section */

/* Begin PBXVariantGroup section */
		D62509A226409DEB0029D81A /* Main.storyboard */ = {
			isa = PBXVariantGroup;
			children = (
				D62509A326409DEB0029D81A /* Base */,
			);
			name = Main.storyboard;
			sourceTree = "<group>";
		};
		D62509A726409DEB0029D81A /* LaunchScreen.storyboard */ = {
			isa = PBXVariantGroup;
			children = (
				D62509A826409DEB0029D81A /* Base */,
			);
			name = LaunchScreen.storyboard;
			sourceTree = "<group>";
		};
/* End PBXVariantGroup section */

/* Begin XCBuildConfiguration section */
		D62509C126409DEC0029D81A /* Debug */ = {
			isa = XCBuildConfiguration;
			buildSettings = {
				ALWAYS_SEARCH_USER_PATHS = NO;
				CLANG_ANALYZER_NONNULL = YES;
				CLANG_ANALYZER_NUMBER_OBJECT_CONVERSION = YES_AGGRESSIVE;
				CLANG_CXX_LANGUAGE_STANDARD = "gnu++14";
				CLANG_CXX_LIBRARY = "libc++";
				CLANG_ENABLE_MODULES = YES;
				CLANG_ENABLE_OBJC_ARC = YES;
				CLANG_ENABLE_OBJC_WEAK = YES;
				CLANG_WARN_BLOCK_CAPTURE_AUTORELEASING = YES;
				CLANG_WARN_BOOL_CONVERSION = YES;
				CLANG_WARN_COMMA = YES;
				CLANG_WARN_CONSTANT_CONVERSION = YES;
				CLANG_WARN_DEPRECATED_OBJC_IMPLEMENTATIONS = YES;
				CLANG_WARN_DIRECT_OBJC_ISA_USAGE = YES_ERROR;
				CLANG_WARN_DOCUMENTATION_COMMENTS = YES;
				CLANG_WARN_EMPTY_BODY = YES;
				CLANG_WARN_ENUM_CONVERSION = YES;
				CLANG_WARN_INFINITE_RECURSION = YES;
				CLANG_WARN_INT_CONVERSION = YES;
				CLANG_WARN_NON_LITERAL_NULL_CONVERSION = YES;
				CLANG_WARN_OBJC_IMPLICIT_RETAIN_SELF = YES;
				CLANG_WARN_OBJC_LITERAL_CONVERSION = YES;
				CLANG_WARN_OBJC_ROOT_CLASS = YES_ERROR;
				CLANG_WARN_QUOTED_INCLUDE_IN_FRAMEWORK_HEADER = YES;
				CLANG_WARN_RANGE_LOOP_ANALYSIS = YES;
				CLANG_WARN_STRICT_PROTOTYPES = YES;
				CLANG_WARN_SUSPICIOUS_MOVE = YES;
				CLANG_WARN_UNGUARDED_AVAILABILITY = YES_AGGRESSIVE;
				CLANG_WARN_UNREACHABLE_CODE = YES;
				CLANG_WARN__DUPLICATE_METHOD_MATCH = YES;
				COPY_PHASE_STRIP = NO;
				DEBUG_INFORMATION_FORMAT = dwarf;
				ENABLE_STRICT_OBJC_MSGSEND = YES;
				ENABLE_TESTABILITY = YES;
				GCC_C_LANGUAGE_STANDARD = gnu11;
				GCC_DYNAMIC_NO_PIC = NO;
				GCC_NO_COMMON_BLOCKS = YES;
				GCC_OPTIMIZATION_LEVEL = 0;
				GCC_PREPROCESSOR_DEFINITIONS = (
					"DEBUG=1",
					"$(inherited)",
				);
				GCC_WARN_64_TO_32_BIT_CONVERSION = YES;
				GCC_WARN_ABOUT_RETURN_TYPE = YES_ERROR;
				GCC_WARN_UNDECLARED_SELECTOR = YES;
				GCC_WARN_UNINITIALIZED_AUTOS = YES_AGGRESSIVE;
				GCC_WARN_UNUSED_FUNCTION = YES;
				GCC_WARN_UNUSED_VARIABLE = YES;
				IPHONEOS_DEPLOYMENT_TARGET = 14.4;
				MTL_ENABLE_DEBUG_INFO = INCLUDE_SOURCE;
				MTL_FAST_MATH = YES;
				ONLY_ACTIVE_ARCH = YES;
				SDKROOT = iphoneos;
				SWIFT_ACTIVE_COMPILATION_CONDITIONS = DEBUG;
				SWIFT_OPTIMIZATION_LEVEL = "-Onone";
			};
			name = Debug;
		};
		D62509C226409DEC0029D81A /* Release */ = {
			isa = XCBuildConfiguration;
			buildSettings = {
				ALWAYS_SEARCH_USER_PATHS = NO;
				CLANG_ANALYZER_NONNULL = YES;
				CLANG_ANALYZER_NUMBER_OBJECT_CONVERSION = YES_AGGRESSIVE;
				CLANG_CXX_LANGUAGE_STANDARD = "gnu++14";
				CLANG_CXX_LIBRARY = "libc++";
				CLANG_ENABLE_MODULES = YES;
				CLANG_ENABLE_OBJC_ARC = YES;
				CLANG_ENABLE_OBJC_WEAK = YES;
				CLANG_WARN_BLOCK_CAPTURE_AUTORELEASING = YES;
				CLANG_WARN_BOOL_CONVERSION = YES;
				CLANG_WARN_COMMA = YES;
				CLANG_WARN_CONSTANT_CONVERSION = YES;
				CLANG_WARN_DEPRECATED_OBJC_IMPLEMENTATIONS = YES;
				CLANG_WARN_DIRECT_OBJC_ISA_USAGE = YES_ERROR;
				CLANG_WARN_DOCUMENTATION_COMMENTS = YES;
				CLANG_WARN_EMPTY_BODY = YES;
				CLANG_WARN_ENUM_CONVERSION = YES;
				CLANG_WARN_INFINITE_RECURSION = YES;
				CLANG_WARN_INT_CONVERSION = YES;
				CLANG_WARN_NON_LITERAL_NULL_CONVERSION = YES;
				CLANG_WARN_OBJC_IMPLICIT_RETAIN_SELF = YES;
				CLANG_WARN_OBJC_LITERAL_CONVERSION = YES;
				CLANG_WARN_OBJC_ROOT_CLASS = YES_ERROR;
				CLANG_WARN_QUOTED_INCLUDE_IN_FRAMEWORK_HEADER = YES;
				CLANG_WARN_RANGE_LOOP_ANALYSIS = YES;
				CLANG_WARN_STRICT_PROTOTYPES = YES;
				CLANG_WARN_SUSPICIOUS_MOVE = YES;
				CLANG_WARN_UNGUARDED_AVAILABILITY = YES_AGGRESSIVE;
				CLANG_WARN_UNREACHABLE_CODE = YES;
				CLANG_WARN__DUPLICATE_METHOD_MATCH = YES;
				COPY_PHASE_STRIP = NO;
				DEBUG_INFORMATION_FORMAT = "dwarf-with-dsym";
				ENABLE_NS_ASSERTIONS = NO;
				ENABLE_STRICT_OBJC_MSGSEND = YES;
				GCC_C_LANGUAGE_STANDARD = gnu11;
				GCC_NO_COMMON_BLOCKS = YES;
				GCC_WARN_64_TO_32_BIT_CONVERSION = YES;
				GCC_WARN_ABOUT_RETURN_TYPE = YES_ERROR;
				GCC_WARN_UNDECLARED_SELECTOR = YES;
				GCC_WARN_UNINITIALIZED_AUTOS = YES_AGGRESSIVE;
				GCC_WARN_UNUSED_FUNCTION = YES;
				GCC_WARN_UNUSED_VARIABLE = YES;
				IPHONEOS_DEPLOYMENT_TARGET = 14.4;
				MTL_ENABLE_DEBUG_INFO = NO;
				MTL_FAST_MATH = YES;
				SDKROOT = iphoneos;
				SWIFT_COMPILATION_MODE = wholemodule;
				SWIFT_OPTIMIZATION_LEVEL = "-O";
				VALIDATE_PRODUCT = YES;
			};
			name = Release;
		};
		D62509C426409DEC0029D81A /* Debug */ = {
			isa = XCBuildConfiguration;
			buildSettings = {
				ASSETCATALOG_COMPILER_APPICON_NAME = AppIcon;
				ASSETCATALOG_COMPILER_GLOBAL_ACCENT_COLOR_NAME = AccentColor;
				CODE_SIGN_STYLE = Automatic;
				DEVELOPMENT_TEAM = K6LJCT8RAA;
				INFOPLIST_FILE = CalendarComponent/Info.plist;
				LD_RUNPATH_SEARCH_PATHS = (
					"$(inherited)",
					"@executable_path/Frameworks",
				);
				PRODUCT_BUNDLE_IDENTIFIER = com.CalendarComponent;
				PRODUCT_NAME = "$(TARGET_NAME)";
				SWIFT_VERSION = 5.0;
				TARGETED_DEVICE_FAMILY = "1,2";
			};
			name = Debug;
		};
		D62509C526409DEC0029D81A /* Release */ = {
			isa = XCBuildConfiguration;
			buildSettings = {
				ASSETCATALOG_COMPILER_APPICON_NAME = AppIcon;
				ASSETCATALOG_COMPILER_GLOBAL_ACCENT_COLOR_NAME = AccentColor;
				CODE_SIGN_STYLE = Automatic;
				DEVELOPMENT_TEAM = K6LJCT8RAA;
				INFOPLIST_FILE = CalendarComponent/Info.plist;
				LD_RUNPATH_SEARCH_PATHS = (
					"$(inherited)",
					"@executable_path/Frameworks",
				);
				PRODUCT_BUNDLE_IDENTIFIER = com.CalendarComponent;
				PRODUCT_NAME = "$(TARGET_NAME)";
				SWIFT_VERSION = 5.0;
				TARGETED_DEVICE_FAMILY = "1,2";
			};
			name = Release;
		};
		D62509C726409DEC0029D81A /* Debug */ = {
			isa = XCBuildConfiguration;
			buildSettings = {
				ALWAYS_EMBED_SWIFT_STANDARD_LIBRARIES = YES;
				BUNDLE_LOADER = "$(TEST_HOST)";
				CODE_SIGN_STYLE = Automatic;
				DEVELOPMENT_TEAM = K6LJCT8RAA;
				INFOPLIST_FILE = CalendarComponentTests/Info.plist;
				IPHONEOS_DEPLOYMENT_TARGET = 14.4;
				LD_RUNPATH_SEARCH_PATHS = (
					"$(inherited)",
					"@executable_path/Frameworks",
					"@loader_path/Frameworks",
				);
				PRODUCT_BUNDLE_IDENTIFIER = com.CalendarComponentTests;
				PRODUCT_NAME = "$(TARGET_NAME)";
				SWIFT_VERSION = 5.0;
				TARGETED_DEVICE_FAMILY = "1,2";
				TEST_HOST = "$(BUILT_PRODUCTS_DIR)/CalendarComponent.app/CalendarComponent";
			};
			name = Debug;
		};
		D62509C826409DEC0029D81A /* Release */ = {
			isa = XCBuildConfiguration;
			buildSettings = {
				ALWAYS_EMBED_SWIFT_STANDARD_LIBRARIES = YES;
				BUNDLE_LOADER = "$(TEST_HOST)";
				CODE_SIGN_STYLE = Automatic;
				DEVELOPMENT_TEAM = K6LJCT8RAA;
				INFOPLIST_FILE = CalendarComponentTests/Info.plist;
				IPHONEOS_DEPLOYMENT_TARGET = 14.4;
				LD_RUNPATH_SEARCH_PATHS = (
					"$(inherited)",
					"@executable_path/Frameworks",
					"@loader_path/Frameworks",
				);
				PRODUCT_BUNDLE_IDENTIFIER = com.CalendarComponentTests;
				PRODUCT_NAME = "$(TARGET_NAME)";
				SWIFT_VERSION = 5.0;
				TARGETED_DEVICE_FAMILY = "1,2";
				TEST_HOST = "$(BUILT_PRODUCTS_DIR)/CalendarComponent.app/CalendarComponent";
			};
			name = Release;
		};
		D62509CA26409DEC0029D81A /* Debug */ = {
			isa = XCBuildConfiguration;
			buildSettings = {
				ALWAYS_EMBED_SWIFT_STANDARD_LIBRARIES = YES;
				CODE_SIGN_STYLE = Automatic;
				DEVELOPMENT_TEAM = K6LJCT8RAA;
				INFOPLIST_FILE = CalendarComponentUITests/Info.plist;
				LD_RUNPATH_SEARCH_PATHS = (
					"$(inherited)",
					"@executable_path/Frameworks",
					"@loader_path/Frameworks",
				);
				PRODUCT_BUNDLE_IDENTIFIER = com.CalendarComponentUITests;
				PRODUCT_NAME = "$(TARGET_NAME)";
				SWIFT_VERSION = 5.0;
				TARGETED_DEVICE_FAMILY = "1,2";
				TEST_TARGET_NAME = CalendarComponent;
			};
			name = Debug;
		};
		D62509CB26409DEC0029D81A /* Release */ = {
			isa = XCBuildConfiguration;
			buildSettings = {
				ALWAYS_EMBED_SWIFT_STANDARD_LIBRARIES = YES;
				CODE_SIGN_STYLE = Automatic;
				DEVELOPMENT_TEAM = K6LJCT8RAA;
				INFOPLIST_FILE = CalendarComponentUITests/Info.plist;
				LD_RUNPATH_SEARCH_PATHS = (
					"$(inherited)",
					"@executable_path/Frameworks",
					"@loader_path/Frameworks",
				);
				PRODUCT_BUNDLE_IDENTIFIER = com.CalendarComponentUITests;
				PRODUCT_NAME = "$(TARGET_NAME)";
				SWIFT_VERSION = 5.0;
				TARGETED_DEVICE_FAMILY = "1,2";
				TEST_TARGET_NAME = CalendarComponent;
			};
			name = Release;
		};
/* End XCBuildConfiguration section */

/* Begin XCConfigurationList section */
		D625099426409DEA0029D81A /* Build configuration list for PBXProject "CalendarComponent" */ = {
			isa = XCConfigurationList;
			buildConfigurations = (
				D62509C126409DEC0029D81A /* Debug */,
				D62509C226409DEC0029D81A /* Release */,
			);
			defaultConfigurationIsVisible = 0;
			defaultConfigurationName = Release;
		};
		D62509C326409DEC0029D81A /* Build configuration list for PBXNativeTarget "CalendarComponent" */ = {
			isa = XCConfigurationList;
			buildConfigurations = (
				D62509C426409DEC0029D81A /* Debug */,
				D62509C526409DEC0029D81A /* Release */,
			);
			defaultConfigurationIsVisible = 0;
			defaultConfigurationName = Release;
		};
		D62509C626409DEC0029D81A /* Build configuration list for PBXNativeTarget "CalendarComponentTests" */ = {
			isa = XCConfigurationList;
			buildConfigurations = (
				D62509C726409DEC0029D81A /* Debug */,
				D62509C826409DEC0029D81A /* Release */,
			);
			defaultConfigurationIsVisible = 0;
			defaultConfigurationName = Release;
		};
		D62509C926409DEC0029D81A /* Build configuration list for PBXNativeTarget "CalendarComponentUITests" */ = {
			isa = XCConfigurationList;
			buildConfigurations = (
				D62509CA26409DEC0029D81A /* Debug */,
				D62509CB26409DEC0029D81A /* Release */,
			);
			defaultConfigurationIsVisible = 0;
			defaultConfigurationName = Release;
		};
/* End XCConfigurationList section */
	};
	rootObject = D625099126409DEA0029D81A /* Project object */;
}
